
Microsoft Visual Studio Solution File, Format Version 12.00
# Visual Studio 15
VisualStudioVersion = 15.0.27428.2015
MinimumVisualStudioVersion = 10.0.40219.1
Project("{FAE04EC0-301F-11D3-BF4B-00C04F79EFBC}") = "Opencv_Template_Initializer", "Opencv_Template_Initializer.csproj", "{18911D1D-6E7B-42E4-9D02-6566C7D4D641}"
EndProject
Global
	GlobalSection(SolutionConfigurationPlatforms) = preSolution
		Debug|Any CPU = Debug|Any CPU
		Release|Any CPU = Release|Any CPU
	EndGlobalSection
	GlobalSection(ProjectConfigurationPlatforms) = postSolution
		{18911D1D-6E7B-42E4-9D02-6566C7D4D641}.Debug|Any CPU.ActiveCfg = Debug|Any CPU
		{18911D1D-6E7B-42E4-9D02-6566C7D4D641}.Debug|Any CPU.Build.0 = Debug|Any CPU
		{18911D1D-6E7B-42E4-9D02-6566C7D4D641}.Release|Any CPU.ActiveCfg = Release|Any CPU
		{18911D1D-6E7B-42E4-9D02-6566C7D4D641}.Release|Any CPU.Build.0 = Release|Any CPU
	EndGlobalSection
	GlobalSection(SolutionProperties) = preSolution
		HideSolutionNode = FALSE
	EndGlobalSection
	GlobalSection(ExtensibilityGlobals) = postSolution
		SolutionGuid = {466D24DD-346C-45D3-994C-5FD6127A2015}
	EndGlobalSection
EndGlobal
